github.com/loig/pinimili v0.0.0-20200717081242-f402772f5f46 h1:JCWY5JcQwm0af/cp4yA8LD92av3wukaxxsxiXG+qkHc=
github.com/loig/pinimili v0.0.0-20200717081242-f402772f5f46/go.mod h1:9WubZoGYCmmAP7cRehZMSmM8VM3RtcDZxw2eeJBLCu0=
github.com/loig/pinimili v0.0.0-20200917144203-a9fb8b5aa5c2 h1:ZIp5p1UlP3JhY3QyJYib8SDcxowE6OHjnenOKBR95Yc=
github.com/loig/pinimili v0.0.0-20200917144203-a9fb8b5aa5c2/go.mod h1:9WubZoGYCmmAP7cRehZMSmM8VM3RtcDZxw2eeJBLCu0=
github.com/loig/pinimili v0.0.0-20200917145157-ecb3c3cd6351 h1:CXvl9CEi8zgHNcHW+k0CbnPUb405M7gg5RajaIK6O1Q=
github.com/loig/pinimili v0.0.0-20200917145157-ecb3c3cd6351/go.mod h1:9WubZoGYCmmAP7cRehZMSmM8VM3RtcDZxw2eeJBLCu0=
